
Microsoft Visual Studio Solution File, Format Version 12.00
# Visual Studio Version 16
VisualStudioVersion = 16.0.30225.117
MinimumVisualStudioVersion = 10.0.40219.1
Project("{FAE04EC0-301F-11D3-BF4B-00C04F79EFBC}") = "WebApi", "WebApi\WebApi.csproj", "{98B919EF-E1CE-4F41-A5A6-3E299DCF1342}"
EndProject
Global
	GlobalSection(SolutionConfigurationPlatforms) = preSolution
		Debug|Any CPU = Debug|Any CPU
		Release|Any CPU = Release|Any CPU
	EndGlobalSection
	GlobalSection(ProjectConfigurationPlatforms) = postSolution
		{98B919EF-E1CE-4F41-A5A6-3E299DCF1342}.Debug|Any CPU.ActiveCfg = Debug|Any CPU
		{98B919EF-E1CE-4F41-A5A6-3E299DCF1342}.Debug|Any CPU.Build.0 = Debug|Any CPU
		{98B919EF-E1CE-4F41-A5A6-3E299DCF1342}.Release|Any CPU.ActiveCfg = Release|Any CPU
		{98B919EF-E1CE-4F41-A5A6-3E299DCF1342}.Release|Any CPU.Build.0 = Release|Any CPU
	EndGlobalSection
	GlobalSection(SolutionProperties) = preSolution
		HideSolutionNode = FALSE
	EndGlobalSection
	GlobalSection(ExtensibilityGlobals) = postSolution
		SolutionGuid = {3D0F083B-8312-4592-A01C-0750D7B3B42B}
	EndGlobalSection
EndGlobal
